
Microsoft Visual Studio Solution File, Format Version 12.00
# Visual Studio 15
VisualStudioVersion = 15.0.28010.2048
MinimumVisualStudioVersion = 10.0.40219.1
Project("{FAE04EC0-301F-11D3-BF4B-00C04F79EFBC}") = "ConcurrencyPrism", "ConcurrencyPrism\ConcurrencyPrism.csproj", "{930769FC-398D-4EB3-AC1A-6D327DC97361}"
EndProject
Project("{FAE04EC0-301F-11D3-BF4B-00C04F79EFBC}") = "ConcurrencyPrismTest", "ConcurrencyPrismTest\ConcurrencyPrismTest.csproj", "{68748CA5-34FC-4257-B1AF-6D4231C60BB9}"
EndProject
Project("{FAE04EC0-301F-11D3-BF4B-00C04F79EFBC}") = "GitPlayground", "GitPlayground\GitPlayground.csproj", "{23DA032E-CE20-4327-8F4D-63460B6A14F6}"
EndProject
Global
	GlobalSection(SolutionConfigurationPlatforms) = preSolution
		Debug|Any CPU = Debug|Any CPU
		Release|Any CPU = Release|Any CPU
	EndGlobalSection
	GlobalSection(ProjectConfigurationPlatforms) = postSolution
		{930769FC-398D-4EB3-AC1A-6D327DC97361}.Debug|Any CPU.ActiveCfg = Debug|Any CPU
		{930769FC-398D-4EB3-AC1A-6D327DC97361}.Debug|Any CPU.Build.0 = Debug|Any CPU
		{930769FC-398D-4EB3-AC1A-6D327DC97361}.Release|Any CPU.ActiveCfg = Release|Any CPU
		{930769FC-398D-4EB3-AC1A-6D327DC97361}.Release|Any CPU.Build.0 = Release|Any CPU
		{68748CA5-34FC-4257-B1AF-6D4231C60BB9}.Debug|Any CPU.ActiveCfg = Debug|Any CPU
		{68748CA5-34FC-4257-B1AF-6D4231C60BB9}.Debug|Any CPU.Build.0 = Debug|Any CPU
		{68748CA5-34FC-4257-B1AF-6D4231C60BB9}.Release|Any CPU.ActiveCfg = Release|Any CPU
		{68748CA5-34FC-4257-B1AF-6D4231C60BB9}.Release|Any CPU.Build.0 = Release|Any CPU
		{23DA032E-CE20-4327-8F4D-63460B6A14F6}.Debug|Any CPU.ActiveCfg = Debug|Any CPU
		{23DA032E-CE20-4327-8F4D-63460B6A14F6}.Debug|Any CPU.Build.0 = Debug|Any CPU
		{23DA032E-CE20-4327-8F4D-63460B6A14F6}.Release|Any CPU.ActiveCfg = Release|Any CPU
		{23DA032E-CE20-4327-8F4D-63460B6A14F6}.Release|Any CPU.Build.0 = Release|Any CPU
	EndGlobalSection
	GlobalSection(SolutionProperties) = preSolution
		HideSolutionNode = FALSE
	EndGlobalSection
	GlobalSection(ExtensibilityGlobals) = postSolution
		SolutionGuid = {252F6484-7A68-4111-B488-AF2C8934D36D}
	EndGlobalSection
EndGlobal
