
Microsoft Visual Studio Solution File, Format Version 12.00
# Visual Studio 15
VisualStudioVersion = 15.0.28010.2048
MinimumVisualStudioVersion = 10.0.40219.1
Project("{FAE04EC0-301F-11D3-BF4B-00C04F79EFBC}") = "SimpleHmi.PlcService", "SimpleHmi.PlcService\SimpleHmi.PlcService.csproj", "{A0E2D2E4-D844-4E4C-AE1A-CB5A3EC98C11}"
EndProject
Project("{FAE04EC0-301F-11D3-BF4B-00C04F79EFBC}") = "Sharp7Library", "Sharp7Library\Sharp7Library.csproj", "{FBB02712-17F3-448D-A5B5-F2BCD7072BB6}"
EndProject
Project("{FAE04EC0-301F-11D3-BF4B-00C04F79EFBC}") = "SimpleHmi.Infrastructure", "SimpleHmi.Infrastructure\SimpleHmi.Infrastructure.csproj", "{B5C07ACA-FD24-49BA-A5E6-F2A426C2F3DF}"
EndProject
Project("{FAE04EC0-301F-11D3-BF4B-00C04F79EFBC}") = "VVM", "VVM\VVM.csproj", "{930769FC-398D-4EB3-AC1A-6D327DC97361}"
EndProject
Project("{FAE04EC0-301F-11D3-BF4B-00C04F79EFBC}") = "AsyncAwait", "AsyncAwait\AsyncAwait.csproj", "{E586EB34-740E-4D1E-8E89-CF1E39AE971F}"
EndProject
Global
	GlobalSection(SolutionConfigurationPlatforms) = preSolution
		Debug|Any CPU = Debug|Any CPU
		Release|Any CPU = Release|Any CPU
	EndGlobalSection
	GlobalSection(ProjectConfigurationPlatforms) = postSolution
		{A0E2D2E4-D844-4E4C-AE1A-CB5A3EC98C11}.Debug|Any CPU.ActiveCfg = Debug|Any CPU
		{A0E2D2E4-D844-4E4C-AE1A-CB5A3EC98C11}.Debug|Any CPU.Build.0 = Debug|Any CPU
		{A0E2D2E4-D844-4E4C-AE1A-CB5A3EC98C11}.Release|Any CPU.ActiveCfg = Release|Any CPU
		{A0E2D2E4-D844-4E4C-AE1A-CB5A3EC98C11}.Release|Any CPU.Build.0 = Release|Any CPU
		{FBB02712-17F3-448D-A5B5-F2BCD7072BB6}.Debug|Any CPU.ActiveCfg = Debug|Any CPU
		{FBB02712-17F3-448D-A5B5-F2BCD7072BB6}.Debug|Any CPU.Build.0 = Debug|Any CPU
		{FBB02712-17F3-448D-A5B5-F2BCD7072BB6}.Release|Any CPU.ActiveCfg = Release|Any CPU
		{FBB02712-17F3-448D-A5B5-F2BCD7072BB6}.Release|Any CPU.Build.0 = Release|Any CPU
		{B5C07ACA-FD24-49BA-A5E6-F2A426C2F3DF}.Debug|Any CPU.ActiveCfg = Debug|Any CPU
		{B5C07ACA-FD24-49BA-A5E6-F2A426C2F3DF}.Debug|Any CPU.Build.0 = Debug|Any CPU
		{B5C07ACA-FD24-49BA-A5E6-F2A426C2F3DF}.Release|Any CPU.ActiveCfg = Release|Any CPU
		{B5C07ACA-FD24-49BA-A5E6-F2A426C2F3DF}.Release|Any CPU.Build.0 = Release|Any CPU
		{930769FC-398D-4EB3-AC1A-6D327DC97361}.Debug|Any CPU.ActiveCfg = Debug|Any CPU
		{930769FC-398D-4EB3-AC1A-6D327DC97361}.Debug|Any CPU.Build.0 = Debug|Any CPU
		{930769FC-398D-4EB3-AC1A-6D327DC97361}.Release|Any CPU.ActiveCfg = Release|Any CPU
		{930769FC-398D-4EB3-AC1A-6D327DC97361}.Release|Any CPU.Build.0 = Release|Any CPU
		{E586EB34-740E-4D1E-8E89-CF1E39AE971F}.Debug|Any CPU.ActiveCfg = Debug|Any CPU
		{E586EB34-740E-4D1E-8E89-CF1E39AE971F}.Debug|Any CPU.Build.0 = Debug|Any CPU
		{E586EB34-740E-4D1E-8E89-CF1E39AE971F}.Release|Any CPU.ActiveCfg = Release|Any CPU
		{E586EB34-740E-4D1E-8E89-CF1E39AE971F}.Release|Any CPU.Build.0 = Release|Any CPU
	EndGlobalSection
	GlobalSection(SolutionProperties) = preSolution
		HideSolutionNode = FALSE
	EndGlobalSection
	GlobalSection(ExtensibilityGlobals) = postSolution
		SolutionGuid = {252F6484-7A68-4111-B488-AF2C8934D36D}
	EndGlobalSection
EndGlobal
